
Microsoft Visual Studio Solution File, Format Version 12.00
# Visual Studio Version 16
VisualStudioVersion = 16.0.31624.102
MinimumVisualStudioVersion = 10.0.40219.1
Project("{9A19103F-16F7-4668-BE54-9A1E7A4F7556}") = "PR5", "PR5\PR5.csproj", "{83EE644D-3055-4A1E-9222-944829177ABE}"
EndProject
Project("{FAE04EC0-301F-11D3-BF4B-00C04F79EFBC}") = "LabsLibrary", "LabsLibrary\LabsLibrary.csproj", "{1376113D-6B82-40B1-979E-319201E69E80}"
EndProject
Global
	GlobalSection(SolutionConfigurationPlatforms) = preSolution
		Debug|Any CPU = Debug|Any CPU
		Release|Any CPU = Release|Any CPU
	EndGlobalSection
	GlobalSection(ProjectConfigurationPlatforms) = postSolution
		{83EE644D-3055-4A1E-9222-944829177ABE}.Debug|Any CPU.ActiveCfg = Debug|Any CPU
		{83EE644D-3055-4A1E-9222-944829177ABE}.Debug|Any CPU.Build.0 = Debug|Any CPU
		{83EE644D-3055-4A1E-9222-944829177ABE}.Release|Any CPU.ActiveCfg = Release|Any CPU
		{83EE644D-3055-4A1E-9222-944829177ABE}.Release|Any CPU.Build.0 = Release|Any CPU
		{1376113D-6B82-40B1-979E-319201E69E80}.Debug|Any CPU.ActiveCfg = Debug|Any CPU
		{1376113D-6B82-40B1-979E-319201E69E80}.Debug|Any CPU.Build.0 = Debug|Any CPU
		{1376113D-6B82-40B1-979E-319201E69E80}.Release|Any CPU.ActiveCfg = Release|Any CPU
		{1376113D-6B82-40B1-979E-319201E69E80}.Release|Any CPU.Build.0 = Release|Any CPU
	EndGlobalSection
	GlobalSection(SolutionProperties) = preSolution
		HideSolutionNode = FALSE
	EndGlobalSection
	GlobalSection(ExtensibilityGlobals) = postSolution
		SolutionGuid = {9E394A94-F4A0-4519-875D-53F027E05C64}
	EndGlobalSection
EndGlobal
